
Microsoft Visual Studio Solution File, Format Version 12.00
# Visual Studio 15
VisualStudioVersion = 15.0.28307.136
MinimumVisualStudioVersion = 10.0.40219.1
Project("{FAE04EC0-301F-11D3-BF4B-00C04F79EFBC}") = "hw2", "hw2\hw2.csproj", "{1E855AD7-DB83-4886-94B3-E357399D9C95}"
EndProject
Project("{FAE04EC0-301F-11D3-BF4B-00C04F79EFBC}") = "DrawingModel", "DrawingModel\DrawingModel.csproj", "{A99A1254-D4D1-4814-8CCD-5969CE6FD140}"
EndProject
Global
	GlobalSection(SolutionConfigurationPlatforms) = preSolution
		Debug|Any CPU = Debug|Any CPU
		Release|Any CPU = Release|Any CPU
	EndGlobalSection
	GlobalSection(ProjectConfigurationPlatforms) = postSolution
		{1E855AD7-DB83-4886-94B3-E357399D9C95}.Debug|Any CPU.ActiveCfg = Debug|Any CPU
		{1E855AD7-DB83-4886-94B3-E357399D9C95}.Debug|Any CPU.Build.0 = Debug|Any CPU
		{1E855AD7-DB83-4886-94B3-E357399D9C95}.Release|Any CPU.ActiveCfg = Release|Any CPU
		{1E855AD7-DB83-4886-94B3-E357399D9C95}.Release|Any CPU.Build.0 = Release|Any CPU
		{A99A1254-D4D1-4814-8CCD-5969CE6FD140}.Debug|Any CPU.ActiveCfg = Debug|Any CPU
		{A99A1254-D4D1-4814-8CCD-5969CE6FD140}.Debug|Any CPU.Build.0 = Debug|Any CPU
		{A99A1254-D4D1-4814-8CCD-5969CE6FD140}.Release|Any CPU.ActiveCfg = Release|Any CPU
		{A99A1254-D4D1-4814-8CCD-5969CE6FD140}.Release|Any CPU.Build.0 = Release|Any CPU
	EndGlobalSection
	GlobalSection(SolutionProperties) = preSolution
		HideSolutionNode = FALSE
	EndGlobalSection
	GlobalSection(ExtensibilityGlobals) = postSolution
		SolutionGuid = {04750F9B-BFD5-4503-9650-F8E039D038C3}
	EndGlobalSection
EndGlobal
